
Microsoft Visual Studio Solution File, Format Version 12.00
# Visual Studio 14
VisualStudioVersion = 14.0.24720.0
MinimumVisualStudioVersion = 10.0.40219.1
Project("{2150E333-8FDC-42A3-9474-1A3956D46DE8}") = "src", "src", "{B8E8976C-B0F8-45AA-B5B7-EE7CD95D0E89}"
EndProject
Project("{2150E333-8FDC-42A3-9474-1A3956D46DE8}") = "Solution Items", "Solution Items", "{5065D54D-FF3D-499F-919A-4DDCF825A517}"
	ProjectSection(SolutionItems) = preProject
		global.json = global.json
		NuGet.config = NuGet.config
	EndProjectSection
EndProject
Project("{2150E333-8FDC-42A3-9474-1A3956D46DE8}") = "samples", "samples", "{B3DEB239-F49B-49FB-80D9-F51F1E937D05}"
EndProject
Project("{8BB2217D-0F2D-49D1-97BC-3654ED321F3B}") = "SampleWidgetApplication", "samples\SampleWidgetApplication\SampleWidgetApplication.xproj", "{5F790290-A6FD-4312-A948-614BB44FE6C1}"
EndProject
Project("{8BB2217D-0F2D-49D1-97BC-3654ED321F3B}") = "Antaris.AspNetCore.Mvc.Widgets", "src\Antaris.AspNetCore.Mvc.Widgets\Antaris.AspNetCore.Mvc.Widgets.xproj", "{5F33234E-4B13-4515-A904-666C6564E1EF}"
EndProject
Global
	GlobalSection(SolutionConfigurationPlatforms) = preSolution
		Debug|Any CPU = Debug|Any CPU
		Release|Any CPU = Release|Any CPU
	EndGlobalSection
	GlobalSection(ProjectConfigurationPlatforms) = postSolution
		{5F790290-A6FD-4312-A948-614BB44FE6C1}.Debug|Any CPU.ActiveCfg = Debug|Any CPU
		{5F790290-A6FD-4312-A948-614BB44FE6C1}.Debug|Any CPU.Build.0 = Debug|Any CPU
		{5F790290-A6FD-4312-A948-614BB44FE6C1}.Release|Any CPU.ActiveCfg = Release|Any CPU
		{5F790290-A6FD-4312-A948-614BB44FE6C1}.Release|Any CPU.Build.0 = Release|Any CPU
		{5F33234E-4B13-4515-A904-666C6564E1EF}.Debug|Any CPU.ActiveCfg = Debug|Any CPU
		{5F33234E-4B13-4515-A904-666C6564E1EF}.Debug|Any CPU.Build.0 = Debug|Any CPU
		{5F33234E-4B13-4515-A904-666C6564E1EF}.Release|Any CPU.ActiveCfg = Release|Any CPU
		{5F33234E-4B13-4515-A904-666C6564E1EF}.Release|Any CPU.Build.0 = Release|Any CPU
	EndGlobalSection
	GlobalSection(SolutionProperties) = preSolution
		HideSolutionNode = FALSE
	EndGlobalSection
	GlobalSection(NestedProjects) = preSolution
		{5F790290-A6FD-4312-A948-614BB44FE6C1} = {B3DEB239-F49B-49FB-80D9-F51F1E937D05}
		{5F33234E-4B13-4515-A904-666C6564E1EF} = {B8E8976C-B0F8-45AA-B5B7-EE7CD95D0E89}
	EndGlobalSection
EndGlobal
